
Microsoft Visual Studio Solution File, Format Version 12.00
# Visual Studio Version 17
VisualStudioVersion = 17.5.33414.496
MinimumVisualStudioVersion = 10.0.40219.1
Project("{FAE04EC0-301F-11D3-BF4B-00C04F79EFBC}") = "mahdiyar aghaei 679", "mahdiyar aghaei 679\mahdiyar aghaei 679.csproj", "{45281F26-B818-46CD-8F52-EC576FC8B745}"
EndProject
Global
	GlobalSection(SolutionConfigurationPlatforms) = preSolution
		Debug|Any CPU = Debug|Any CPU
		Release|Any CPU = Release|Any CPU
	EndGlobalSection
	GlobalSection(ProjectConfigurationPlatforms) = postSolution
		{45281F26-B818-46CD-8F52-EC576FC8B745}.Debug|Any CPU.ActiveCfg = Debug|Any CPU
		{45281F26-B818-46CD-8F52-EC576FC8B745}.Debug|Any CPU.Build.0 = Debug|Any CPU
		{45281F26-B818-46CD-8F52-EC576FC8B745}.Release|Any CPU.ActiveCfg = Release|Any CPU
		{45281F26-B818-46CD-8F52-EC576FC8B745}.Release|Any CPU.Build.0 = Release|Any CPU
	EndGlobalSection
	GlobalSection(SolutionProperties) = preSolution
		HideSolutionNode = FALSE
	EndGlobalSection
	GlobalSection(ExtensibilityGlobals) = postSolution
		SolutionGuid = {FB10A82C-63ED-41DE-8AC2-464CB0B8D359}
	EndGlobalSection
EndGlobal
